// !$*UTF8*$!
{
	archiveVersion = 1;
	classes = {
	};
	objectVersion = 54;
	objects = {

/* Begin PBXBuildFile section */
		01532DAA137C099F0076F6BF /* icon.png in Resources */ = {isa = PBXBuildFile; fileRef = 01532DA9137C099F0076F6BF /* icon.png */; };
		0265403E9450EB8BAF295844 /* MessageUI.framework in Frameworks */ = {isa = PBXBuildFile; fileRef = B484450FBFE3D525F18B4204 /* MessageUI.framework */; };
		066B4544A7F291CEAAC4E90C /* libnpymath.xcframework in Frameworks */ = {isa = PBXBuildFile; fileRef = BE7E4473B26B6EC884817D93 /* libnpymath.xcframework */; };
		1D60589B0D05DD56006BFB54 /* main.m in Sources */ = {isa = PBXBuildFile; fileRef = 29B97316FDCFA39411CA2CEA /* main.m */; };
		285F4B98B90BB4D4B8849B98 /* CoreMedia.framework in Frameworks */ = {isa = PBXBuildFile; fileRef = FE3E4845AEBFE67C695A9788 /* CoreMedia.framework */; };
		28B3471887F1EF6E74AD5021 /* CoreMotion.framework in Frameworks */ = {isa = PBXBuildFile; fileRef = 893349AE852B036490972ACF /* CoreMotion.framework */; };
		290843A2A2123A0F7AE8B013 /* libpyobjus.xcframework in Frameworks */ = {isa = PBXBuildFile; fileRef = 153742D6B64F6474B3DB38E3 /* libpyobjus.xcframework */; };
		2CB5F34717D5233A006187AB /* bridge.m in Sources */ = {isa = PBXBuildFile; fileRef = 2CB5F34617D5233A006187AB /* bridge.m */; };
		371B4770A90B7DDDC328C484 /* libpng16.xcframework in Frameworks */ = {isa = PBXBuildFile; fileRef = 7ACE4CB3B48E4A3A76B997F9 /* libpng16.xcframework */; };
		399B421283D301EEA97A92A3 /* Accelerate.framework in Frameworks */ = {isa = PBXBuildFile; fileRef = 244247CCB16F8D0164138DE4 /* Accelerate.framework */; };
		3F2145E187F5BB8A5ED26474 /* OpenGLES.framework in Frameworks */ = {isa = PBXBuildFile; fileRef = 147B4ABBA629CFA2F38856D2 /* OpenGLES.framework */; };
		433C49FC8956F33AB3F71F18 /* libpython3.11.xcframework in Frameworks */ = {isa = PBXBuildFile; fileRef = C7ED49BF95E37C64A888CA95 /* libpython3.11.xcframework */; };
		449447DDA00E3E85985E6746 /* libssl.xcframework in Frameworks */ = {isa = PBXBuildFile; fileRef = C89D46AF98123C95867348DF /* libssl.xcframework */; };
		44D34082B7565D9049DF79AA /* WebKit.framework in Frameworks */ = {isa = PBXBuildFile; fileRef = 3CE24496826904F78018B41A /* WebKit.framework */; };
		45714E7A9DCC8C3E50C5FF8F /* Metal.framework in Frameworks */ = {isa = PBXBuildFile; fileRef = 04514CE7B986DDA5CBF5F4C7 /* Metal.framework */; };
		45FF42A691E67EB64509929C /* libnumpy.xcframework in Frameworks */ = {isa = PBXBuildFile; fileRef = CA5347C5B6CC9B4011BE6CDB /* libnumpy.xcframework */; };
		4AA54109B232727334C7E627 /* ImageIO.framework in Frameworks */ = {isa = PBXBuildFile; fileRef = 088B414E812E9887200AECA2 /* ImageIO.framework */; };
		4DCD47F6880D9A998554DF24 /* CoreGraphics.framework in Frameworks */ = {isa = PBXBuildFile; fileRef = 61CE4BF79AFFBAA82D8827A1 /* CoreGraphics.framework */; };
		53524B66AC5A5E7F79A97D7E /* libcrypto.xcframework in Frameworks */ = {isa = PBXBuildFile; fileRef = 94BE4233B3EA09DCCDF29DB3 /* libcrypto.xcframework */; };
		59738AB51A8BB5D8001B2C0C /* lib in Resources */ = {isa = PBXBuildFile; fileRef = 59738AB41A8BB5D8001B2C0C /* lib */; };
		59738ABB1A8E19AA001B2C0C /* Images.xcassets in Resources */ = {isa = PBXBuildFile; fileRef = 59738ABA1A8E19AA001B2C0C /* Images.xcassets */; };
		59994E3B148E85C800863906 /* YourApp in Resources */ = {isa = PBXBuildFile; fileRef = 59994E3A148E85C800863906 /* YourApp */; };
		59FDEA8B21E7D34E004E6ECE /* include in Resources */ = {isa = PBXBuildFile; fileRef = 59FDEA8A21E7D34E004E6ECE /* include */; };
		5EC34FAFBBE922447E5FDB00 /* libSDL2.xcframework in Frameworks */ = {isa = PBXBuildFile; fileRef = 885346C69F03147DF47182CC /* libSDL2.xcframework */; };
		62D74761AA599FE8A2B1B7AB /* libSDL2_image.xcframework in Frameworks */ = {isa = PBXBuildFile; fileRef = BDBF47C8A001F9D96ABF84F2 /* libSDL2_image.xcframework */; };
		631445E7A7F92620057EEBE0 /* libffi.xcframework in Frameworks */ = {isa = PBXBuildFile; fileRef = 8285437A93F89EEAF1FECCC1 /* libffi.xcframework */; };
		64194A9EAA49DBD3C8221B81 /* MobileCoreServices.framework in Frameworks */ = {isa = PBXBuildFile; fileRef = 201844AABDDD76A245DBC5A5 /* MobileCoreServices.framework */; };
		69C5414982E903911890A4EE /* GameController.framework in Frameworks */ = {isa = PBXBuildFile; fileRef = 32EB4FFABF289C1EE1DE210A /* GameController.framework */; };
		6A9C449ABB75E8F25FC36568 /* libc++.tbd in Frameworks */ = {isa = PBXBuildFile; fileRef = 206A490BB24E16E562F7A28B /* libc++.tbd */; };
		714840B69E2A6E98C699EEE5 /* CoreVideo.framework in Frameworks */ = {isa = PBXBuildFile; fileRef = 03FE4DA08EE7712F0D94C0D9 /* CoreVideo.framework */; };
		78894C7E80F4235666FE5B60 /* libbz2.tbd in Frameworks */ = {isa = PBXBuildFile; fileRef = 156F470ABC89D37E4B283259 /* libbz2.tbd */; };
		8FE64E85A5C1047910AC81F4 /* CoreHaptics.framework in Frameworks */ = {isa = PBXBuildFile; fileRef = 8F6748E5A53C5EE71997FBE1 /* CoreHaptics.framework */; };
		A5B14500850ADFB4538163C9 /* libnpyrandom.xcframework in Frameworks */ = {isa = PBXBuildFile; fileRef = 8098409BA7EA839B56DC0F7D /* libnpyrandom.xcframework */; };
		A6B943248A223462B9DAE8F8 /* QuartzCore.framework in Frameworks */ = {isa = PBXBuildFile; fileRef = 68E2417F8D4171178A0A31FA /* QuartzCore.framework */; };
		AAD5469FB39623B61C14F976 /* Photos.framework in Frameworks */ = {isa = PBXBuildFile; fileRef = 4D61409B9BD1EB4229F619D2 /* Photos.framework */; };
		AC37442790B1FBB00881C233 /* UIKit.framework in Frameworks */ = {isa = PBXBuildFile; fileRef = 3F934C20A2F5EFD584224F8D /* UIKit.framework */; };
		AC5106F52959EE4E00655416 /* Launch Screen.storyboard in Resources */ = {isa = PBXBuildFile; fileRef = AC5106F42959EE4E00655416 /* Launch Screen.storyboard */; };
		CCEA4C3DAF2F27B9DDB8CDC5 /* libsqlite3.tbd in Frameworks */ = {isa = PBXBuildFile; fileRef = BE49459E9F71043D459835AA /* libsqlite3.tbd */; };
		CE83461C925F28C8E128BEBB /* libSDL2_mixer.xcframework in Frameworks */ = {isa = PBXBuildFile; fileRef = DBA3448C912D45F81AE718E4 /* libSDL2_mixer.xcframework */; };
		CF744936BFA6AC67F655EAF4 /* AVFoundation.framework in Frameworks */ = {isa = PBXBuildFile; fileRef = E0684F48ADD852F6A64DF389 /* AVFoundation.framework */; };
		DEB944DA885D70216A84BB31 /* AudioToolbox.framework in Frameworks */ = {isa = PBXBuildFile; fileRef = DECA4D599BD1F42DE4B455A0 /* AudioToolbox.framework */; };
		ECA14ACE9D2006F0A0AD99C6 /* libSDL2_ttf.xcframework in Frameworks */ = {isa = PBXBuildFile; fileRef = 19224198A0A40CDE1F9E6CED /* libSDL2_ttf.xcframework */; };
		F1584D7B9EDBABE3C44E84C3 /* libz.tbd in Frameworks */ = {isa = PBXBuildFile; fileRef = 35754BBDB99E0894F3AA7723 /* libz.tbd */; };
		FD954676A56B9D99C1E92E63 /* libkivy.xcframework in Frameworks */ = {isa = PBXBuildFile; fileRef = CA52443FBAB985F9FC562C1A /* libkivy.xcframework */; };
		FF894EE8A4373C1039732A20 /* libios.xcframework in Frameworks */ = {isa = PBXBuildFile; fileRef = D2CA40149F1F8B473664DEE0 /* libios.xcframework */; };
/* End PBXBuildFile section */

/* Begin PBXFileReference section */
		01532DA9137C099F0076F6BF /* icon.png */ = {isa = PBXFileReference; lastKnownFileType = image.png; path = icon.png; sourceTree = "<group>"; };
		03FE4DA08EE7712F0D94C0D9 /* CoreVideo.framework */ = {isa = PBXFileReference; lastKnownFileType = wrapper.framework; path = CoreVideo.framework; sourceTree = DEVELOPER_DIR; };
		04514CE7B986DDA5CBF5F4C7 /* Metal.framework */ = {isa = PBXFileReference; lastKnownFileType = wrapper.framework; path = Metal.framework; sourceTree = DEVELOPER_DIR; };
		088B414E812E9887200AECA2 /* ImageIO.framework */ = {isa = PBXFileReference; lastKnownFileType = wrapper.framework; path = ImageIO.framework; sourceTree = DEVELOPER_DIR; };
		147B4ABBA629CFA2F38856D2 /* OpenGLES.framework */ = {isa = PBXFileReference; lastKnownFileType = wrapper.framework; path = OpenGLES.framework; sourceTree = DEVELOPER_DIR; };
		153742D6B64F6474B3DB38E3 /* libpyobjus.xcframework */ = {isa = PBXFileReference; lastKnownFileType = wrapper.xcframework; name = libpyobjus.xcframework; path = ../dist/xcframework/libpyobjus.xcframework; sourceTree = SOURCE_ROOT; };
		156F470ABC89D37E4B283259 /* libbz2.tbd */ = {isa = PBXFileReference; lastKnownFileType = "sourcecode.text-based-dylib-definition"; path = libbz2.tbd; sourceTree = DEVELOPER_DIR; };
		19224198A0A40CDE1F9E6CED /* libSDL2_ttf.xcframework */ = {isa = PBXFileReference; lastKnownFileType = wrapper.xcframework; name = libSDL2_ttf.xcframework; path = ../dist/xcframework/libSDL2_ttf.xcframework; sourceTree = SOURCE_ROOT; };
		1D6058910D05DD3D006BFB54 /* touchtracer.app */ = {isa = PBXFileReference; explicitFileType = wrapper.application; includeInIndex = 0; path = touchtracer.app; sourceTree = BUILT_PRODUCTS_DIR; };
		201844AABDDD76A245DBC5A5 /* MobileCoreServices.framework */ = {isa = PBXFileReference; lastKnownFileType = wrapper.framework; path = MobileCoreServices.framework; sourceTree = DEVELOPER_DIR; };
		206A490BB24E16E562F7A28B /* libc++.tbd */ = {isa = PBXFileReference; lastKnownFileType = "sourcecode.text-based-dylib-definition"; path = "libc++.tbd"; sourceTree = DEVELOPER_DIR; };
		244247CCB16F8D0164138DE4 /* Accelerate.framework */ = {isa = PBXFileReference; lastKnownFileType = wrapper.framework; path = Accelerate.framework; sourceTree = DEVELOPER_DIR; };
		29B97316FDCFA39411CA2CEA /* main.m */ = {isa = PBXFileReference; fileEncoding = 4; lastKnownFileType = sourcecode.c.objc; path = main.m; sourceTree = "<group>"; };
		2CB5F34517D5233A006187AB /* bridge.h */ = {isa = PBXFileReference; fileEncoding = 4; lastKnownFileType = sourcecode.c.h; path = bridge.h; sourceTree = SOURCE_ROOT; };
		2CB5F34617D5233A006187AB /* bridge.m */ = {isa = PBXFileReference; fileEncoding = 4; lastKnownFileType = sourcecode.c.objc; path = bridge.m; sourceTree = SOURCE_ROOT; };
		32EB4FFABF289C1EE1DE210A /* GameController.framework */ = {isa = PBXFileReference; lastKnownFileType = wrapper.framework; path = GameController.framework; sourceTree = DEVELOPER_DIR; };
		35754BBDB99E0894F3AA7723 /* libz.tbd */ = {isa = PBXFileReference; lastKnownFileType = "sourcecode.text-based-dylib-definition"; path = libz.tbd; sourceTree = DEVELOPER_DIR; };
		3CE24496826904F78018B41A /* WebKit.framework */ = {isa = PBXFileReference; lastKnownFileType = wrapper.framework; path = WebKit.framework; sourceTree = DEVELOPER_DIR; };
		3F934C20A2F5EFD584224F8D /* UIKit.framework */ = {isa = PBXFileReference; lastKnownFileType = wrapper.framework; path = UIKit.framework; sourceTree = DEVELOPER_DIR; };
		4D61409B9BD1EB4229F619D2 /* Photos.framework */ = {isa = PBXFileReference; lastKnownFileType = wrapper.framework; path = Photos.framework; sourceTree = DEVELOPER_DIR; };
		59738AB41A8BB5D8001B2C0C /* lib */ = {isa = PBXFileReference; lastKnownFileType = folder; name = lib; path = /Users/tonnu.hongan999/Documents/BufferCapacity4/dist/root/python3/lib; sourceTree = "<group>"; };
		59738ABA1A8E19AA001B2C0C /* Images.xcassets */ = {isa = PBXFileReference; lastKnownFileType = folder.assetcatalog; name = Images.xcassets; path = touchtracer/Images.xcassets; sourceTree = "<group>"; };
		59994E3A148E85C800863906 /* YourApp */ = {isa = PBXFileReference; lastKnownFileType = folder; path = YourApp; sourceTree = "<group>"; };
		59FDEA8A21E7D34E004E6ECE /* include */ = {isa = PBXFileReference; lastKnownFileType = folder; name = include; path = /Users/tonnu.hongan999/Documents/BufferCapacity4/dist/root/python3/include; sourceTree = "<group>"; };
		61CE4BF79AFFBAA82D8827A1 /* CoreGraphics.framework */ = {isa = PBXFileReference; lastKnownFileType = wrapper.framework; path = CoreGraphics.framework; sourceTree = DEVELOPER_DIR; };
		68E2417F8D4171178A0A31FA /* QuartzCore.framework */ = {isa = PBXFileReference; lastKnownFileType = wrapper.framework; path = QuartzCore.framework; sourceTree = DEVELOPER_DIR; };
		7ACE4CB3B48E4A3A76B997F9 /* libpng16.xcframework */ = {isa = PBXFileReference; lastKnownFileType = wrapper.xcframework; name = libpng16.xcframework; path = ../dist/xcframework/libpng16.xcframework; sourceTree = SOURCE_ROOT; };
		8098409BA7EA839B56DC0F7D /* libnpyrandom.xcframework */ = {isa = PBXFileReference; lastKnownFileType = wrapper.xcframework; name = libnpyrandom.xcframework; path = ../dist/xcframework/libnpyrandom.xcframework; sourceTree = SOURCE_ROOT; };
		8285437A93F89EEAF1FECCC1 /* libffi.xcframework */ = {isa = PBXFileReference; lastKnownFileType = wrapper.xcframework; name = libffi.xcframework; path = ../dist/xcframework/libffi.xcframework; sourceTree = SOURCE_ROOT; };
		885346C69F03147DF47182CC /* libSDL2.xcframework */ = {isa = PBXFileReference; lastKnownFileType = wrapper.xcframework; name = libSDL2.xcframework; path = ../dist/xcframework/libSDL2.xcframework; sourceTree = SOURCE_ROOT; };
		893349AE852B036490972ACF /* CoreMotion.framework */ = {isa = PBXFileReference; lastKnownFileType = wrapper.framework; path = CoreMotion.framework; sourceTree = DEVELOPER_DIR; };
		8D1107310486CEB800E47090 /* touchtracer-Info.plist */ = {isa = PBXFileReference; fileEncoding = 4; lastKnownFileType = text.plist.xml; path = "touchtracer-Info.plist"; plistStructureDefinitionIdentifier = "com.apple.xcode.plist.structure-definition.iphone.info-plist"; sourceTree = "<group>"; };
		8F6748E5A53C5EE71997FBE1 /* CoreHaptics.framework */ = {isa = PBXFileReference; lastKnownFileType = wrapper.framework; path = CoreHaptics.framework; sourceTree = DEVELOPER_DIR; };
		94BE4233B3EA09DCCDF29DB3 /* libcrypto.xcframework */ = {isa = PBXFileReference; lastKnownFileType = wrapper.xcframework; name = libcrypto.xcframework; path = ../dist/xcframework/libcrypto.xcframework; sourceTree = SOURCE_ROOT; };
		AC5106F42959EE4E00655416 /* Launch Screen.storyboard */ = {isa = PBXFileReference; fileEncoding = 4; lastKnownFileType = file.storyboard; name = "Launch Screen.storyboard"; path = "Storyboards/Launch Screen.storyboard"; sourceTree = "<group>"; };
		B484450FBFE3D525F18B4204 /* MessageUI.framework */ = {isa = PBXFileReference; lastKnownFileType = wrapper.framework; path = MessageUI.framework; sourceTree = DEVELOPER_DIR; };
		BDBF47C8A001F9D96ABF84F2 /* libSDL2_image.xcframework */ = {isa = PBXFileReference; lastKnownFileType = wrapper.xcframework; name = libSDL2_image.xcframework; path = ../dist/xcframework/libSDL2_image.xcframework; sourceTree = SOURCE_ROOT; };
		BE49459E9F71043D459835AA /* libsqlite3.tbd */ = {isa = PBXFileReference; lastKnownFileType = "sourcecode.text-based-dylib-definition"; path = libsqlite3.tbd; sourceTree = DEVELOPER_DIR; };
		BE7E4473B26B6EC884817D93 /* libnpymath.xcframework */ = {isa = PBXFileReference; lastKnownFileType = wrapper.xcframework; name = libnpymath.xcframework; path = ../dist/xcframework/libnpymath.xcframework; sourceTree = SOURCE_ROOT; };
		C7ED49BF95E37C64A888CA95 /* libpython3.11.xcframework */ = {isa = PBXFileReference; lastKnownFileType = wrapper.xcframework; name = libpython3.11.xcframework; path = ../dist/xcframework/libpython3.11.xcframework; sourceTree = SOURCE_ROOT; };
		C89D46AF98123C95867348DF /* libssl.xcframework */ = {isa = PBXFileReference; lastKnownFileType = wrapper.xcframework; name = libssl.xcframework; path = ../dist/xcframework/libssl.xcframework; sourceTree = SOURCE_ROOT; };
		CA52443FBAB985F9FC562C1A /* libkivy.xcframework */ = {isa = PBXFileReference; lastKnownFileType = wrapper.xcframework; name = libkivy.xcframework; path = ../dist/xcframework/libkivy.xcframework; sourceTree = SOURCE_ROOT; };
		CA5347C5B6CC9B4011BE6CDB /* libnumpy.xcframework */ = {isa = PBXFileReference; lastKnownFileType = wrapper.xcframework; name = libnumpy.xcframework; path = ../dist/xcframework/libnumpy.xcframework; sourceTree = SOURCE_ROOT; };
		D2CA40149F1F8B473664DEE0 /* libios.xcframework */ = {isa = PBXFileReference; lastKnownFileType = wrapper.xcframework; name = libios.xcframework; path = ../dist/xcframework/libios.xcframework; sourceTree = SOURCE_ROOT; };
		DBA3448C912D45F81AE718E4 /* libSDL2_mixer.xcframework */ = {isa = PBXFileReference; lastKnownFileType = wrapper.xcframework; name = libSDL2_mixer.xcframework; path = ../dist/xcframework/libSDL2_mixer.xcframework; sourceTree = SOURCE_ROOT; };
		DECA4D599BD1F42DE4B455A0 /* AudioToolbox.framework */ = {isa = PBXFileReference; lastKnownFileType = wrapper.framework; path = AudioToolbox.framework; sourceTree = DEVELOPER_DIR; };
		E0684F48ADD852F6A64DF389 /* AVFoundation.framework */ = {isa = PBXFileReference; lastKnownFileType = wrapper.framework; path = AVFoundation.framework; sourceTree = DEVELOPER_DIR; };
		FE3E4845AEBFE67C695A9788 /* CoreMedia.framework */ = {isa = PBXFileReference; lastKnownFileType = wrapper.framework; path = CoreMedia.framework; sourceTree = DEVELOPER_DIR; };
/* End PBXFileReference section */

/* Begin PBXFrameworksBuildPhase section */
		1D60588F0D05DD3D006BFB54 /* Frameworks */ = {
			isa = PBXFrameworksBuildPhase;
			buildActionMask = 2147483647;
			files = (
				4DCD47F6880D9A998554DF24 /* CoreGraphics.framework in Frameworks */,
				28B3471887F1EF6E74AD5021 /* CoreMotion.framework in Frameworks */,
				45714E7A9DCC8C3E50C5FF8F /* Metal.framework in Frameworks */,
				AAD5469FB39623B61C14F976 /* Photos.framework in Frameworks */,
				CF744936BFA6AC67F655EAF4 /* AVFoundation.framework in Frameworks */,
				8FE64E85A5C1047910AC81F4 /* CoreHaptics.framework in Frameworks */,
				64194A9EAA49DBD3C8221B81 /* MobileCoreServices.framework in Frameworks */,
				4AA54109B232727334C7E627 /* ImageIO.framework in Frameworks */,
				DEB944DA885D70216A84BB31 /* AudioToolbox.framework in Frameworks */,
				44D34082B7565D9049DF79AA /* WebKit.framework in Frameworks */,
				399B421283D301EEA97A92A3 /* Accelerate.framework in Frameworks */,
				0265403E9450EB8BAF295844 /* MessageUI.framework in Frameworks */,
				285F4B98B90BB4D4B8849B98 /* CoreMedia.framework in Frameworks */,
				69C5414982E903911890A4EE /* GameController.framework in Frameworks */,
				AC37442790B1FBB00881C233 /* UIKit.framework in Frameworks */,
				714840B69E2A6E98C699EEE5 /* CoreVideo.framework in Frameworks */,
				A6B943248A223462B9DAE8F8 /* QuartzCore.framework in Frameworks */,
				3F2145E187F5BB8A5ED26474 /* OpenGLES.framework in Frameworks */,
				6A9C449ABB75E8F25FC36568 /* libc++.tbd in Frameworks */,
				CCEA4C3DAF2F27B9DDB8CDC5 /* libsqlite3.tbd in Frameworks */,
				F1584D7B9EDBABE3C44E84C3 /* libz.tbd in Frameworks */,
				78894C7E80F4235666FE5B60 /* libbz2.tbd in Frameworks */,
				449447DDA00E3E85985E6746 /* libssl.xcframework in Frameworks */,
				FF894EE8A4373C1039732A20 /* libios.xcframework in Frameworks */,
				ECA14ACE9D2006F0A0AD99C6 /* libSDL2_ttf.xcframework in Frameworks */,
				371B4770A90B7DDDC328C484 /* libpng16.xcframework in Frameworks */,
				CE83461C925F28C8E128BEBB /* libSDL2_mixer.xcframework in Frameworks */,
				433C49FC8956F33AB3F71F18 /* libpython3.11.xcframework in Frameworks */,
				FD954676A56B9D99C1E92E63 /* libkivy.xcframework in Frameworks */,
				631445E7A7F92620057EEBE0 /* libffi.xcframework in Frameworks */,
				5EC34FAFBBE922447E5FDB00 /* libSDL2.xcframework in Frameworks */,
				53524B66AC5A5E7F79A97D7E /* libcrypto.xcframework in Frameworks */,
				290843A2A2123A0F7AE8B013 /* libpyobjus.xcframework in Frameworks */,
				62D74761AA599FE8A2B1B7AB /* libSDL2_image.xcframework in Frameworks */,
				A5B14500850ADFB4538163C9 /* libnpyrandom.xcframework in Frameworks */,
				45FF42A691E67EB64509929C /* libnumpy.xcframework in Frameworks */,
				066B4544A7F291CEAAC4E90C /* libnpymath.xcframework in Frameworks */,
			);
			runOnlyForDeploymentPostprocessing = 0;
		};
/* End PBXFrameworksBuildPhase section */

/* Begin PBXGroup section */
		080E96DDFE201D6D7F000001 /* Classes */ = {
			isa = PBXGroup;
			children = (
				2CB5F34517D5233A006187AB /* bridge.h */,
				2CB5F34617D5233A006187AB /* bridge.m */,
			);
			path = Classes;
			sourceTree = "<group>";
		};
		19C28FACFE9D520D11CA2CBB /* Products */ = {
			isa = PBXGroup;
			children = (
				1D6058910D05DD3D006BFB54 /* touchtracer.app */,
			);
			name = Products;
			sourceTree = "<group>";
		};
		29B97314FDCFA39411CA2CEA /* CustomTemplate */ = {
			isa = PBXGroup;
			children = (
				AC5106F32959EE3800655416 /* Storyboards */,
				080E96DDFE201D6D7F000001 /* Classes */,
				29B97315FDCFA39411CA2CEA /* Sources */,
				29B97317FDCFA39411CA2CEA /* Resources */,
				29B97323FDCFA39411CA2CEA /* Frameworks */,
				19C28FACFE9D520D11CA2CBB /* Products */,
			);
			name = CustomTemplate;
			sourceTree = "<group>";
		};
		29B97315FDCFA39411CA2CEA /* Sources */ = {
			isa = PBXGroup;
			children = (
				29B97316FDCFA39411CA2CEA /* main.m */,
				59994E3A148E85C800863906 /* YourApp */,
			);
			name = Sources;
			sourceTree = "<group>";
		};
		29B97317FDCFA39411CA2CEA /* Resources */ = {
			isa = PBXGroup;
			children = (
				59738ABA1A8E19AA001B2C0C /* Images.xcassets */,
				59738AB41A8BB5D8001B2C0C /* lib */,
				59FDEA8A21E7D34E004E6ECE /* include */,
				01532DA9137C099F0076F6BF /* icon.png */,
				8D1107310486CEB800E47090 /* touchtracer-Info.plist */,
			);
			name = Resources;
			sourceTree = "<group>";
		};
		29B97323FDCFA39411CA2CEA /* Frameworks */ = {
			isa = PBXGroup;
			children = (
				61CE4BF79AFFBAA82D8827A1 /* CoreGraphics.framework */,
				893349AE852B036490972ACF /* CoreMotion.framework */,
				04514CE7B986DDA5CBF5F4C7 /* Metal.framework */,
				4D61409B9BD1EB4229F619D2 /* Photos.framework */,
				E0684F48ADD852F6A64DF389 /* AVFoundation.framework */,
				8F6748E5A53C5EE71997FBE1 /* CoreHaptics.framework */,
				201844AABDDD76A245DBC5A5 /* MobileCoreServices.framework */,
				088B414E812E9887200AECA2 /* ImageIO.framework */,
				DECA4D599BD1F42DE4B455A0 /* AudioToolbox.framework */,
				3CE24496826904F78018B41A /* WebKit.framework */,
				244247CCB16F8D0164138DE4 /* Accelerate.framework */,
				B484450FBFE3D525F18B4204 /* MessageUI.framework */,
				FE3E4845AEBFE67C695A9788 /* CoreMedia.framework */,
				32EB4FFABF289C1EE1DE210A /* GameController.framework */,
				3F934C20A2F5EFD584224F8D /* UIKit.framework */,
				03FE4DA08EE7712F0D94C0D9 /* CoreVideo.framework */,
				68E2417F8D4171178A0A31FA /* QuartzCore.framework */,
				147B4ABBA629CFA2F38856D2 /* OpenGLES.framework */,
				206A490BB24E16E562F7A28B /* libc++.tbd */,
				BE49459E9F71043D459835AA /* libsqlite3.tbd */,
				35754BBDB99E0894F3AA7723 /* libz.tbd */,
				156F470ABC89D37E4B283259 /* libbz2.tbd */,
				C89D46AF98123C95867348DF /* libssl.xcframework */,
				D2CA40149F1F8B473664DEE0 /* libios.xcframework */,
				19224198A0A40CDE1F9E6CED /* libSDL2_ttf.xcframework */,
				7ACE4CB3B48E4A3A76B997F9 /* libpng16.xcframework */,
				DBA3448C912D45F81AE718E4 /* libSDL2_mixer.xcframework */,
				C7ED49BF95E37C64A888CA95 /* libpython3.11.xcframework */,
				CA52443FBAB985F9FC562C1A /* libkivy.xcframework */,
				8285437A93F89EEAF1FECCC1 /* libffi.xcframework */,
				885346C69F03147DF47182CC /* libSDL2.xcframework */,
				94BE4233B3EA09DCCDF29DB3 /* libcrypto.xcframework */,
				153742D6B64F6474B3DB38E3 /* libpyobjus.xcframework */,
				BDBF47C8A001F9D96ABF84F2 /* libSDL2_image.xcframework */,
				8098409BA7EA839B56DC0F7D /* libnpyrandom.xcframework */,
				CA5347C5B6CC9B4011BE6CDB /* libnumpy.xcframework */,
				BE7E4473B26B6EC884817D93 /* libnpymath.xcframework */,
			);
			name = Frameworks;
			sourceTree = "<group>";
		};
		AC5106F32959EE3800655416 /* Storyboards */ = {
			isa = PBXGroup;
			children = (
				AC5106F42959EE4E00655416 /* Launch Screen.storyboard */,
			);
			name = Storyboards;
			sourceTree = "<group>";
		};
/* End PBXGroup section */

/* Begin PBXNativeTarget section */
		1D6058900D05DD3D006BFB54 /* touchtracer */ = {
			isa = PBXNativeTarget;
			buildConfigurationList = 1D6058960D05DD3E006BFB54 /* Build configuration list for PBXNativeTarget "touchtracer" */;
			buildPhases = (
				113D17E2153E3DB5001310A5 /* ShellScript */,
				113D17E2153E3DB5001310A6 /* ShellScript */,
				113D17E2153E3DB5001310A7 /* ShellScript */,
				1D60588D0D05DD3D006BFB54 /* Resources */,
				1D60588E0D05DD3D006BFB54 /* Sources */,
				1D60588F0D05DD3D006BFB54 /* Frameworks */,
			);
			buildRules = (
			);
			dependencies = (
			);
			name = touchtracer;
			productName = touchtracer;
			productReference = 1D6058910D05DD3D006BFB54 /* touchtracer.app */;
			productType = "com.apple.product-type.application";
		};
/* End PBXNativeTarget section */

/* Begin PBXProject section */
		29B97313FDCFA39411CA2CEA /* Project object */ = {
			isa = PBXProject;
			attributes = {
				BuildIndependentTargetsInParallel = YES;
				LastUpgradeCheck = 1540;
			};
			buildConfigurationList = C01FCF4E08A954540054247B /* Build configuration list for PBXProject "touchtracer" */;
			compatibilityVersion = "Xcode 3.2";
			developmentRegion = English;
			hasScannedForEncodings = 1;
			knownRegions = (
				English,
				Japanese,
				French,
				German,
			);
			mainGroup = 29B97314FDCFA39411CA2CEA /* CustomTemplate */;
			projectDirPath = "";
			projectRoot = "";
			targets = (
				1D6058900D05DD3D006BFB54 /* touchtracer */,
			);
		};
/* End PBXProject section */

/* Begin PBXResourcesBuildPhase section */
		1D60588D0D05DD3D006BFB54 /* Resources */ = {
			isa = PBXResourcesBuildPhase;
			buildActionMask = 2147483647;
			files = (
				59738AB51A8BB5D8001B2C0C /* lib in Resources */,
				AC5106F52959EE4E00655416 /* Launch Screen.storyboard in Resources */,
				59FDEA8B21E7D34E004E6ECE /* include in Resources */,
				59738ABB1A8E19AA001B2C0C /* Images.xcassets in Resources */,
				01532DAA137C099F0076F6BF /* icon.png in Resources */,
				59994E3B148E85C800863906 /* YourApp in Resources */,
			);
			runOnlyForDeploymentPostprocessing = 0;
		};
/* End PBXResourcesBuildPhase section */

/* Begin PBXShellScriptBuildPhase section */
		113D17E2153E3DB5001310A5 /* ShellScript */ = {
			isa = PBXShellScriptBuildPhase;
			buildActionMask = 12;
			files = (
			);
			inputPaths = (
			);
			outputPaths = (
			);
			runOnlyForDeploymentPostprocessing = 0;
			shellPath = /bin/bash;
			shellScript = "rsync -av --delete \"/Users/tonnu.hongan999/code/kivy/examples/demo/touchtracer\"/ \"$PROJECT_DIR\"/YourApp";
		};
		113D17E2153E3DB5001310A6 /* ShellScript */ = {
			isa = PBXShellScriptBuildPhase;
			buildActionMask = 12;
			files = (
			);
			inputPaths = (
			);
			outputPaths = (
			);
			runOnlyForDeploymentPostprocessing = 0;
			shellPath = /bin/bash;
			shellScript = "/Users/tonnu.hongan999/Documents/BufferCapacity4/dist/hostpython3/bin/python -m compileall -f -b \"$PROJECT_DIR\"/YourApp";
		};
		113D17E2153E3DB5001310A7 /* ShellScript */ = {
			isa = PBXShellScriptBuildPhase;
			buildActionMask = 12;
			files = (
			);
			inputPaths = (
			);
			outputPaths = (
			);
			runOnlyForDeploymentPostprocessing = 0;
			shellPath = /bin/bash;
			shellScript = "find \"$PROJECT_DIR\"/YourApp/ -regex '.*\\.py' -delete";
		};
/* End PBXShellScriptBuildPhase section */

/* Begin PBXSourcesBuildPhase section */
		1D60588E0D05DD3D006BFB54 /* Sources */ = {
			isa = PBXSourcesBuildPhase;
			buildActionMask = 2147483647;
			files = (
				1D60589B0D05DD56006BFB54 /* main.m in Sources */,
				2CB5F34717D5233A006187AB /* bridge.m in Sources */,
			);
			runOnlyForDeploymentPostprocessing = 0;
		};
/* End PBXSourcesBuildPhase section */

/* Begin XCBuildConfiguration section */
		1D6058940D05DD3E006BFB54 /* Debug */ = {
			isa = XCBuildConfiguration;
			buildSettings = {
				ALWAYS_SEARCH_USER_PATHS = NO;
				ASSETCATALOG_COMPILER_APPICON_NAME = AppIcon;
				CLANG_ENABLE_OBJC_WEAK = YES;
				CODE_SIGN_IDENTITY = "iPhone Developer";
				"CODE_SIGN_IDENTITY[sdk=iphoneos*]" = "iPhone Developer";
				COPY_PHASE_STRIP = NO;
				DEAD_CODE_STRIPPING = YES;
				EXCLUDED_ARCHS = "";
				FRAMEWORK_SEARCH_PATHS = (
					/Users/tonnu.hongan999/Documents/BufferCapacity4/dist/frameworks,
					"$(SRCROOT)/../dist/xcframework",
					"$(inherited)",
				);
				GCC_DYNAMIC_NO_PIC = NO;
				GCC_OPTIMIZATION_LEVEL = 0;
				GCC_PRECOMPILE_PREFIX_HEADER = YES;
				GCC_PREFIX_HEADER = "";
				GCC_PREPROCESSOR_DEFINITIONS = "DEBUG=1";
				GCC_VERSION = com.apple.compilers.llvm.clang.1_0;
				HEADER_SEARCH_PATHS = (
					"/Users/tonnu.hongan999/Documents/BufferCapacity4/dist/root/python3/include/python3.11/**",
					/Users/tonnu.hongan999/Documents/BufferCapacity4/dist/include/common/sdl2,
				);
				INFOPLIST_FILE = "touchtracer-Info.plist";
				IPHONEOS_DEPLOYMENT_TARGET = 12.0;
				LIBRARY_SEARCH_PATHS = (
					"$(inherited)",
					/Users/tonnu.hongan999/Documents/BufferCapacity4/dist/lib,
				);
				ONLY_ACTIVE_ARCH = YES;
				OTHER_LDFLAGS = "-all_load";
				PRODUCT_BUNDLE_IDENTIFIER = org.kivy.touchtracer;
				PRODUCT_NAME = touchtracer;
				PROVISIONING_PROFILE = "";
				"PROVISIONING_PROFILE[sdk=iphoneos*]" = "";
				SDKROOT = iphoneos;
				TARGETED_DEVICE_FAMILY = "1,2";
				USER_HEADER_SEARCH_PATHS = "";
			};
			name = Debug;
		};
		1D6058950D05DD3E006BFB54 /* Release */ = {
			isa = XCBuildConfiguration;
			buildSettings = {
				ALWAYS_SEARCH_USER_PATHS = NO;
				ASSETCATALOG_COMPILER_APPICON_NAME = AppIcon;
				CLANG_ENABLE_OBJC_WEAK = YES;
				CODE_SIGN_IDENTITY = "iPhone Developer";
				"CODE_SIGN_IDENTITY[sdk=iphoneos*]" = "iPhone Developer";
				CODE_SIGN_RESOURCE_RULES_PATH = "$(SDKROOT)/ResourceRules.plist";
				COPY_PHASE_STRIP = NO;
				DEAD_CODE_STRIPPING = YES;
				EXCLUDED_ARCHS = "";
				FRAMEWORK_SEARCH_PATHS = (
					/Users/tonnu.hongan999/Documents/BufferCapacity4/dist/frameworks,
					"$(SRCROOT)/../dist/xcframework",
					"$(inherited)",
				);
				GCC_PRECOMPILE_PREFIX_HEADER = YES;
				GCC_PREFIX_HEADER = "";
				GCC_VERSION = com.apple.compilers.llvm.clang.1_0;
				HEADER_SEARCH_PATHS = (
					"/Users/tonnu.hongan999/Documents/BufferCapacity4/dist/root/python3/include/python3.11/**",
					/Users/tonnu.hongan999/Documents/BufferCapacity4/dist/include/common/sdl2,
				);
				INFOPLIST_FILE = "touchtracer-Info.plist";
				IPHONEOS_DEPLOYMENT_TARGET = 12.0;
				LIBRARY_SEARCH_PATHS = (
					"$(inherited)",
					/Users/tonnu.hongan999/Documents/BufferCapacity4/dist/lib,
				);
				OTHER_LDFLAGS = "-all_load";
				PRODUCT_BUNDLE_IDENTIFIER = org.kivy.touchtracer;
				PRODUCT_NAME = touchtracer;
				PROVISIONING_PROFILE = "";
				"PROVISIONING_PROFILE[sdk=iphoneos*]" = "";
				SDKROOT = iphoneos;
				SKIP_INSTALL = NO;
				TARGETED_DEVICE_FAMILY = "1,2";
				USER_HEADER_SEARCH_PATHS = "";
				VALIDATE_PRODUCT = YES;
			};
			name = Release;
		};
		C01FCF4F08A954540054247B /* Debug */ = {
			isa = XCBuildConfiguration;
			buildSettings = {
				CLANG_ANALYZER_LOCALIZABILITY_NONLOCALIZED = YES;
				CLANG_WARN_BLOCK_CAPTURE_AUTORELEASING = YES;
				CLANG_WARN_BOOL_CONVERSION = YES;
				CLANG_WARN_COMMA = YES;
				CLANG_WARN_CONSTANT_CONVERSION = YES;
				CLANG_WARN_DEPRECATED_OBJC_IMPLEMENTATIONS = YES;
				CLANG_WARN_EMPTY_BODY = YES;
				CLANG_WARN_ENUM_CONVERSION = YES;
				CLANG_WARN_INFINITE_RECURSION = YES;
				CLANG_WARN_INT_CONVERSION = YES;
				CLANG_WARN_NON_LITERAL_NULL_CONVERSION = YES;
				CLANG_WARN_OBJC_IMPLICIT_RETAIN_SELF = YES;
				CLANG_WARN_OBJC_LITERAL_CONVERSION = YES;
				CLANG_WARN_QUOTED_INCLUDE_IN_FRAMEWORK_HEADER = YES;
				CLANG_WARN_RANGE_LOOP_ANALYSIS = YES;
				CLANG_WARN_STRICT_PROTOTYPES = YES;
				CLANG_WARN_SUSPICIOUS_MOVE = YES;
				CLANG_WARN_UNREACHABLE_CODE = YES;
				CLANG_WARN__DUPLICATE_METHOD_MATCH = YES;
				DEAD_CODE_STRIPPING = YES;
				ENABLE_BITCODE = NO;
				ENABLE_STRICT_OBJC_MSGSEND = YES;
				ENABLE_TESTABILITY = YES;
				ENABLE_USER_SCRIPT_SANDBOXING = YES;
				GCC_NO_COMMON_BLOCKS = YES;
				GCC_WARN_64_TO_32_BIT_CONVERSION = YES;
				GCC_WARN_ABOUT_RETURN_TYPE = YES;
				GCC_WARN_UNDECLARED_SELECTOR = YES;
				GCC_WARN_UNINITIALIZED_AUTOS = YES;
				GCC_WARN_UNUSED_FUNCTION = YES;
				GCC_WARN_UNUSED_VARIABLE = YES;
				ONLY_ACTIVE_ARCH = YES;
				USER_HEADER_SEARCH_PATHS = /Users/tonnu.hongan999/Documents/BufferCapacity4/dist/root/include/;
			};
			name = Debug;
		};
		C01FCF5008A954540054247B /* Release */ = {
			isa = XCBuildConfiguration;
			buildSettings = {
				CLANG_ANALYZER_LOCALIZABILITY_NONLOCALIZED = YES;
				CLANG_WARN_BLOCK_CAPTURE_AUTORELEASING = YES;
				CLANG_WARN_BOOL_CONVERSION = YES;
				CLANG_WARN_COMMA = YES;
				CLANG_WARN_CONSTANT_CONVERSION = YES;
				CLANG_WARN_DEPRECATED_OBJC_IMPLEMENTATIONS = YES;
				CLANG_WARN_EMPTY_BODY = YES;
				CLANG_WARN_ENUM_CONVERSION = YES;
				CLANG_WARN_INFINITE_RECURSION = YES;
				CLANG_WARN_INT_CONVERSION = YES;
				CLANG_WARN_NON_LITERAL_NULL_CONVERSION = YES;
				CLANG_WARN_OBJC_IMPLICIT_RETAIN_SELF = YES;
				CLANG_WARN_OBJC_LITERAL_CONVERSION = YES;
				CLANG_WARN_QUOTED_INCLUDE_IN_FRAMEWORK_HEADER = YES;
				CLANG_WARN_RANGE_LOOP_ANALYSIS = YES;
				CLANG_WARN_STRICT_PROTOTYPES = YES;
				CLANG_WARN_SUSPICIOUS_MOVE = YES;
				CLANG_WARN_UNREACHABLE_CODE = YES;
				CLANG_WARN__DUPLICATE_METHOD_MATCH = YES;
				DEAD_CODE_STRIPPING = YES;
				ENABLE_BITCODE = NO;
				ENABLE_STRICT_OBJC_MSGSEND = YES;
				ENABLE_USER_SCRIPT_SANDBOXING = YES;
				GCC_NO_COMMON_BLOCKS = YES;
				GCC_WARN_64_TO_32_BIT_CONVERSION = YES;
				GCC_WARN_ABOUT_RETURN_TYPE = YES;
				GCC_WARN_UNDECLARED_SELECTOR = YES;
				GCC_WARN_UNINITIALIZED_AUTOS = YES;
				GCC_WARN_UNUSED_FUNCTION = YES;
				GCC_WARN_UNUSED_VARIABLE = YES;
				OTHER_CFLAGS = "-DNS_BLOCK_ASSERTIONS=1";
				USER_HEADER_SEARCH_PATHS = /Users/tonnu.hongan999/Documents/BufferCapacity4/dist/root/include/;
			};
			name = Release;
		};
/* End XCBuildConfiguration section */

/* Begin XCConfigurationList section */
		1D6058960D05DD3E006BFB54 /* Build configuration list for PBXNativeTarget "touchtracer" */ = {
			isa = XCConfigurationList;
			buildConfigurations = (
				1D6058940D05DD3E006BFB54 /* Debug */,
				1D6058950D05DD3E006BFB54 /* Release */,
			);
			defaultConfigurationIsVisible = 0;
			defaultConfigurationName = Release;
		};
		C01FCF4E08A954540054247B /* Build configuration list for PBXProject "touchtracer" */ = {
			isa = XCConfigurationList;
			buildConfigurations = (
				C01FCF4F08A954540054247B /* Debug */,
				C01FCF5008A954540054247B /* Release */,
			);
			defaultConfigurationIsVisible = 0;
			defaultConfigurationName = Release;
		};
/* End XCConfigurationList section */
	};
	rootObject = 29B97313FDCFA39411CA2CEA /* Project object */;
}
